// !$*UTF8*$!
{
	archiveVersion = 1;
	classes = {
	};
	objectVersion = 46;
	objects = {

/* Begin PBXBuildFile section */
		7DADE3181D3FC16800792225 /* AppDelegate.swift in Sources */ = {isa = PBXBuildFile; fileRef = 7DADE3171D3FC16800792225 /* AppDelegate.swift */; };
		7DADE31D1D3FC16800792225 /* Main.storyboard in Resources */ = {isa = PBXBuildFile; fileRef = 7DADE31B1D3FC16800792225 /* Main.storyboard */; };
		7DADE31F1D3FC16800792225 /* Assets.xcassets in Resources */ = {isa = PBXBuildFile; fileRef = 7DADE31E1D3FC16800792225 /* Assets.xcassets */; };
		7DADE3221D3FC16800792225 /* LaunchScreen.storyboard in Resources */ = {isa = PBXBuildFile; fileRef = 7DADE3201D3FC16800792225 /* LaunchScreen.storyboard */; };
		7DDBFF4F1D5B76C80023149C /* ShoppingListViewController.swift in Sources */ = {isa = PBXBuildFile; fileRef = 7DDBFF4E1D5B76C80023149C /* ShoppingListViewController.swift */; };
		7DDBFF511D5B7B6C0023149C /* EmojiCellTableViewCell.swift in Sources */ = {isa = PBXBuildFile; fileRef = 7DDBFF501D5B7B6C0023149C /* EmojiCellTableViewCell.swift */; };
		7DFD61B01D5BA195000ACBE8 /* EmojiSelectionViewController.swift in Sources */ = {isa = PBXBuildFile; fileRef = 7DFD61AF1D5BA195000ACBE8 /* EmojiSelectionViewController.swift */; };
/* End PBXBuildFile section */

/* Begin PBXFileReference section */
		7DADE3141D3FC16800792225 /* ShoppingCart.app */ = {isa = PBXFileReference; explicitFileType = wrapper.application; includeInIndex = 0; path = ShoppingCart.app; sourceTree = BUILT_PRODUCTS_DIR; };
		7DADE3171D3FC16800792225 /* AppDelegate.swift */ = {isa = PBXFileReference; lastKnownFileType = sourcecode.swift; path = AppDelegate.swift; sourceTree = "<group>"; };
		7DADE31C1D3FC16800792225 /* Base */ = {isa = PBXFileReference; lastKnownFileType = file.storyboard; name = Base; path = Base.lproj/Main.storyboard; sourceTree = "<group>"; };
		7DADE31E1D3FC16800792225 /* Assets.xcassets */ = {isa = PBXFileReference; lastKnownFileType = folder.assetcatalog; path = Assets.xcassets; sourceTree = "<group>"; };
		7DADE3211D3FC16800792225 /* Base */ = {isa = PBXFileReference; lastKnownFileType = file.storyboard; name = Base; path = Base.lproj/LaunchScreen.storyboard; sourceTree = "<group>"; };
		7DADE3231D3FC16800792225 /* Info.plist */ = {isa = PBXFileReference; lastKnownFileType = text.plist.xml; path = Info.plist; sourceTree = "<group>"; };
		7DDBFF4E1D5B76C80023149C /* ShoppingListViewController.swift */ = {isa = PBXFileReference; fileEncoding = 4; lastKnownFileType = sourcecode.swift; path = ShoppingListViewController.swift; sourceTree = "<group>"; };
		7DDBFF501D5B7B6C0023149C /* EmojiCellTableViewCell.swift */ = {isa = PBXFileReference; fileEncoding = 4; lastKnownFileType = sourcecode.swift; path = EmojiCellTableViewCell.swift; sourceTree = "<group>"; };
		7DFD61AF1D5BA195000ACBE8 /* EmojiSelectionViewController.swift */ = {isa = PBXFileReference; fileEncoding = 4; lastKnownFileType = sourcecode.swift; path = EmojiSelectionViewController.swift; sourceTree = "<group>"; };
/* End PBXFileReference section */

/* Begin PBXFrameworksBuildPhase section */
		7DADE3111D3FC16800792225 /* Frameworks */ = {
			isa = PBXFrameworksBuildPhase;
			buildActionMask = 2147483647;
			files = (
			);
			runOnlyForDeploymentPostprocessing = 0;
		};
/* End PBXFrameworksBuildPhase section */

/* Begin PBXGroup section */
		7DADE30B1D3FC16800792225 = {
			isa = PBXGroup;
			children = (
				7DADE3161D3FC16800792225 /* ShoppingCart */,
				7DADE3151D3FC16800792225 /* Products */,
			);
			sourceTree = "<group>";
		};
		7DADE3151D3FC16800792225 /* Products */ = {
			isa = PBXGroup;
			children = (
				7DADE3141D3FC16800792225 /* ShoppingCart.app */,
			);
			name = Products;
			sourceTree = "<group>";
		};
		7DADE3161D3FC16800792225 /* ShoppingCart */ = {
			isa = PBXGroup;
			children = (
				7DADE31B1D3FC16800792225 /* Main.storyboard */,
				7DDBFF4E1D5B76C80023149C /* ShoppingListViewController.swift */,
				7DFD61AF1D5BA195000ACBE8 /* EmojiSelectionViewController.swift */,
				7DDBFF501D5B7B6C0023149C /* EmojiCellTableViewCell.swift */,
				7DDBFF521D5B81F30023149C /* Supporting Files */,
			);
			path = ShoppingCart;
			sourceTree = "<group>";
		};
		7DDBFF521D5B81F30023149C /* Supporting Files */ = {
			isa = PBXGroup;
			children = (
				7DADE3171D3FC16800792225 /* AppDelegate.swift */,
				7DADE31E1D3FC16800792225 /* Assets.xcassets */,
				7DADE3201D3FC16800792225 /* LaunchScreen.storyboard */,
				7DADE3231D3FC16800792225 /* Info.plist */,
			);
			name = "Supporting Files";
			sourceTree = "<group>";
		};
/* End PBXGroup section */

/* Begin PBXNativeTarget section */
		7DADE3131D3FC16800792225 /* ShoppingCart */ = {
			isa = PBXNativeTarget;
			buildConfigurationList = 7DADE3311D3FC16800792225 /* Build configuration list for PBXNativeTarget "ShoppingCart" */;
			buildPhases = (
				7DADE3101D3FC16800792225 /* Sources */,
				7DADE3111D3FC16800792225 /* Frameworks */,
				7DADE3121D3FC16800792225 /* Resources */,
			);
			buildRules = (
			);
			dependencies = (
			);
			name = ShoppingCart;
			productName = ShoppingCart;
			productReference = 7DADE3141D3FC16800792225 /* ShoppingCart.app */;
			productType = "com.apple.product-type.application";
		};
/* End PBXNativeTarget section */

/* Begin PBXProject section */
		7DADE30C1D3FC16800792225 /* Project object */ = {
			isa = PBXProject;
			attributes = {
				LastSwiftUpdateCheck = 0730;
				LastUpgradeCheck = 0830;
				ORGANIZATIONNAME = "Gamesmith, LLC";
				TargetAttributes = {
					7DADE3131D3FC16800792225 = {
						CreatedOnToolsVersion = 7.3.1;
						LastSwiftMigration = 0800;
					};
				};
			};
			buildConfigurationList = 7DADE30F1D3FC16800792225 /* Build configuration list for PBXProject "ShoppingCart" */;
			compatibilityVersion = "Xcode 3.2";
			developmentRegion = English;
			hasScannedForEncodings = 0;
			knownRegions = (
				en,
				Base,
			);
			mainGroup = 7DADE30B1D3FC16800792225;
			productRefGroup = 7DADE3151D3FC16800792225 /* Products */;
			projectDirPath = "";
			projectRoot = "";
			targets = (
				7DADE3131D3FC16800792225 /* ShoppingCart */,
			);
		};
/* End PBXProject section */

/* Begin PBXResourcesBuildPhase section */
		7DADE3121D3FC16800792225 /* Resources */ = {
			isa = PBXResourcesBuildPhase;
			buildActionMask = 2147483647;
			files = (
				7DADE3221D3FC16800792225 /* LaunchScreen.storyboard in Resources */,
				7DADE31F1D3FC16800792225 /* Assets.xcassets in Resources */,
				7DADE31D1D3FC16800792225 /* Main.storyboard in Resources */,
			);
			runOnlyForDeploymentPostprocessing = 0;
		};
/* End PBXResourcesBuildPhase section */

/* Begin PBXSourcesBuildPhase section */
		7DADE3101D3FC16800792225 /* Sources */ = {
			isa = PBXSourcesBuildPhase;
			buildActionMask = 2147483647;
			files = (
				7DDBFF511D5B7B6C0023149C /* EmojiCellTableViewCell.swift in Sources */,
				7DADE3181D3FC16800792225 /* AppDelegate.swift in Sources */,
				7DFD61B01D5BA195000ACBE8 /* EmojiSelectionViewController.swift in Sources */,
				7DDBFF4F1D5B76C80023149C /* ShoppingListViewController.swift in Sources */,
			);
			runOnlyForDeploymentPostprocessing = 0;
		};
/* End PBXSourcesBuildPhase section */

/* Begin PBXVariantGroup section */
		7DADE31B1D3FC16800792225 /* Main.storyboard */ = {
			isa = PBXVariantGroup;
			children = (
				7DADE31C1D3FC16800792225 /* Base */,
			);
			name = Main.storyboard;
			sourceTree = "<group>";
		};
		7DADE3201D3FC16800792225 /* LaunchScreen.storyboard */ = {
			isa = PBXVariantGroup;
			children = (
				7DADE3211D3FC16800792225 /* Base */,
			);
			name = LaunchScreen.storyboard;
			sourceTree = "<group>";
		};
/* End PBXVariantGroup section */

/* Begin XCBuildConfiguration section */
		7DADE32F1D3FC16800792225 /* Debug */ = {
			isa = XCBuildConfiguration;
			buildSettings = {
				ALWAYS_SEARCH_USER_PATHS = NO;
				CLANG_ANALYZER_NONNULL = YES;
				CLANG_CXX_LANGUAGE_STANDARD = "gnu++0x";
				CLANG_CXX_LIBRARY = "libc++";
				CLANG_ENABLE_MODULES = YES;
				CLANG_ENABLE_OBJC_ARC = YES;
				CLANG_WARN_BOOL_CONVERSION = YES;
				CLANG_WARN_CONSTANT_CONVERSION = YES;
				CLANG_WARN_DIRECT_OBJC_ISA_USAGE = YES_ERROR;
				CLANG_WARN_EMPTY_BODY = YES;
				CLANG_WARN_ENUM_CONVERSION = YES;
				CLANG_WARN_INFINITE_RECURSION = YES;
				CLANG_WARN_INT_CONVERSION = YES;
				CLANG_WARN_OBJC_ROOT_CLASS = YES_ERROR;
				CLANG_WARN_SUSPICIOUS_MOVE = YES;
				CLANG_WARN_UNREACHABLE_CODE = YES;
				CLANG_WARN__DUPLICATE_METHOD_MATCH = YES;
				"CODE_SIGN_IDENTITY[sdk=iphoneos*]" = "iPhone Developer";
				COPY_PHASE_STRIP = NO;
				DEBUG_INFORMATION_FORMAT = dwarf;
				ENABLE_STRICT_OBJC_MSGSEND = YES;
				ENABLE_TESTABILITY = YES;
				GCC_C_LANGUAGE_STANDARD = gnu99;
				GCC_DYNAMIC_NO_PIC = NO;
				GCC_NO_COMMON_BLOCKS = YES;
				GCC_OPTIMIZATION_LEVEL = 0;
				GCC_PREPROCESSOR_DEFINITIONS = (
					"DEBUG=1",
					"$(inherited)",
				);
				GCC_WARN_64_TO_32_BIT_CONVERSION = YES;
				GCC_WARN_ABOUT_RETURN_TYPE = YES_ERROR;
				GCC_WARN_UNDECLARED_SELECTOR = YES;
				GCC_WARN_UNINITIALIZED_AUTOS = YES_AGGRESSIVE;
				GCC_WARN_UNUSED_FUNCTION = YES;
				GCC_WARN_UNUSED_VARIABLE = YES;
				IPHONEOS_DEPLOYMENT_TARGET = 9.3;
				MTL_ENABLE_DEBUG_INFO = YES;
				ONLY_ACTIVE_ARCH = YES;
				SDKROOT = iphoneos;
				SWIFT_OPTIMIZATION_LEVEL = "-Onone";
			};
			name = Debug;
		};
		7DADE3301D3FC16800792225 /* Release */ = {
			isa = XCBuildConfiguration;
			buildSettings = {
				ALWAYS_SEARCH_USER_PATHS = NO;
				CLANG_ANALYZER_NONNULL = YES;
				CLANG_CXX_LANGUAGE_STANDARD = "gnu++0x";
				CLANG_CXX_LIBRARY = "libc++";
				CLANG_ENABLE_MODULES = YES;
				CLANG_ENABLE_OBJC_ARC = YES;
				CLANG_WARN_BOOL_CONVERSION = YES;
				CLANG_WARN_CONSTANT_CONVERSION = YES;
				CLANG_WARN_DIRECT_OBJC_ISA_USAGE = YES_ERROR;
				CLANG_WARN_EMPTY_BODY = YES;
				CLANG_WARN_ENUM_CONVERSION = YES;
				CLANG_WARN_INFINITE_RECURSION = YES;
				CLANG_WARN_INT_CONVERSION = YES;
				CLANG_WARN_OBJC_ROOT_CLASS = YES_ERROR;
				CLANG_WARN_SUSPICIOUS_MOVE = YES;
				CLANG_WARN_UNREACHABLE_CODE = YES;
				CLANG_WARN__DUPLICATE_METHOD_MATCH = YES;
				"CODE_SIGN_IDENTITY[sdk=iphoneos*]" = "iPhone Developer";
				COPY_PHASE_STRIP = NO;
				DEBUG_INFORMATION_FORMAT = "dwarf-with-dsym";
				ENABLE_NS_ASSERTIONS = NO;
				ENABLE_STRICT_OBJC_MSGSEND = YES;
				GCC_C_LANGUAGE_STANDARD = gnu99;
				GCC_NO_COMMON_BLOCKS = YES;
				GCC_WARN_64_TO_32_BIT_CONVERSION = YES;
				GCC_WARN_ABOUT_RETURN_TYPE = YES_ERROR;
				GCC_WARN_UNDECLARED_SELECTOR = YES;
				GCC_WARN_UNINITIALIZED_AUTOS = YES_AGGRESSIVE;
				GCC_WARN_UNUSED_FUNCTION = YES;
				GCC_WARN_UNUSED_VARIABLE = YES;
				IPHONEOS_DEPLOYMENT_TARGET = 9.3;
				MTL_ENABLE_DEBUG_INFO = NO;
				SDKROOT = iphoneos;
				SWIFT_OPTIMIZATION_LEVEL = "-Owholemodule";
				VALIDATE_PRODUCT = YES;
			};
			name = Release;
		};
		7DADE3321D3FC16800792225 /* Debug */ = {
			isa = XCBuildConfiguration;
			buildSettings = {
				ASSETCATALOG_COMPILER_APPICON_NAME = AppIcon;
				INFOPLIST_FILE = ShoppingCart/Info.plist;
				LD_RUNPATH_SEARCH_PATHS = "$(inherited) @executable_path/Frameworks";
				PRODUCT_BUNDLE_IDENTIFIER = com.Gamesmith.Swift.ShoppingCart;
				PRODUCT_NAME = "$(TARGET_NAME)";
				SWIFT_VERSION = 3.0;
			};
			name = Debug;
		};
		7DADE3331D3FC16800792225 /* Release */ = {
			isa = XCBuildConfiguration;
			buildSettings = {
				ASSETCATALOG_COMPILER_APPICON_NAME = AppIcon;
				INFOPLIST_FILE = ShoppingCart/Info.plist;
				LD_RUNPATH_SEARCH_PATHS = "$(inherited) @executable_path/Frameworks";
				PRODUCT_BUNDLE_IDENTIFIER = com.Gamesmith.Swift.ShoppingCart;
				PRODUCT_NAME = "$(TARGET_NAME)";
				SWIFT_VERSION = 3.0;
			};
			name = Release;
		};
/* End XCBuildConfiguration section */

/* Begin XCConfigurationList section */
		7DADE30F1D3FC16800792225 /* Build configuration list for PBXProject "ShoppingCart" */ = {
			isa = XCConfigurationList;
			buildConfigurations = (
				7DADE32F1D3FC16800792225 /* Debug */,
				7DADE3301D3FC16800792225 /* Release */,
			);
			defaultConfigurationIsVisible = 0;
			defaultConfigurationName = Release;
		};
		7DADE3311D3FC16800792225 /* Build configuration list for PBXNativeTarget "ShoppingCart" */ = {
			isa = XCConfigurationList;
			buildConfigurations = (
				7DADE3321D3FC16800792225 /* Debug */,
				7DADE3331D3FC16800792225 /* Release */,
			);
			defaultConfigurationIsVisible = 0;
			defaultConfigurationName = Release;
		};
/* End XCConfigurationList section */
	};
	rootObject = 7DADE30C1D3FC16800792225 /* Project object */;
}
